
Microsoft Visual Studio Solution File, Format Version 12.00
# Visual Studio 15
VisualStudioVersion = 15.0.27428.2002
MinimumVisualStudioVersion = 10.0.40219.1
Project("{FAE04EC0-301F-11D3-BF4B-00C04F79EFBC}") = "PasswordBox", "PasswordBox\PasswordBox.csproj", "{207D6B9D-10AC-4091-811B-94303F218D29}"
EndProject
Global
	GlobalSection(SolutionConfigurationPlatforms) = preSolution
		Debug|Any CPU = Debug|Any CPU
		Release|Any CPU = Release|Any CPU
	EndGlobalSection
	GlobalSection(ProjectConfigurationPlatforms) = postSolution
		{207D6B9D-10AC-4091-811B-94303F218D29}.Debug|Any CPU.ActiveCfg = Debug|Any CPU
		{207D6B9D-10AC-4091-811B-94303F218D29}.Debug|Any CPU.Build.0 = Debug|Any CPU
		{207D6B9D-10AC-4091-811B-94303F218D29}.Release|Any CPU.ActiveCfg = Release|Any CPU
		{207D6B9D-10AC-4091-811B-94303F218D29}.Release|Any CPU.Build.0 = Release|Any CPU
	EndGlobalSection
	GlobalSection(SolutionProperties) = preSolution
		HideSolutionNode = FALSE
	EndGlobalSection
	GlobalSection(ExtensibilityGlobals) = postSolution
		SolutionGuid = {B0E95EFF-930F-4906-84CC-C25391BA6A98}
	EndGlobalSection
EndGlobal
